
Microsoft Visual Studio Solution File, Format Version 12.00
# Visual Studio Version 17
VisualStudioVersion = 17.8.34309.116
MinimumVisualStudioVersion = 10.0.40219.1
Project("{FAE04EC0-301F-11D3-BF4B-00C04F79EFBC}") = "ChangeNoToYesExercise", "ChangeNoToYesExercise\ChangeNoToYesExercise.csproj", "{20197192-0558-4AE1-8C82-883B7799A984}"
EndProject
Global
	GlobalSection(SolutionConfigurationPlatforms) = preSolution
		Debug|Any CPU = Debug|Any CPU
		Release|Any CPU = Release|Any CPU
	EndGlobalSection
	GlobalSection(ProjectConfigurationPlatforms) = postSolution
		{20197192-0558-4AE1-8C82-883B7799A984}.Debug|Any CPU.ActiveCfg = Debug|Any CPU
		{20197192-0558-4AE1-8C82-883B7799A984}.Debug|Any CPU.Build.0 = Debug|Any CPU
		{20197192-0558-4AE1-8C82-883B7799A984}.Release|Any CPU.ActiveCfg = Release|Any CPU
		{20197192-0558-4AE1-8C82-883B7799A984}.Release|Any CPU.Build.0 = Release|Any CPU
	EndGlobalSection
	GlobalSection(SolutionProperties) = preSolution
		HideSolutionNode = FALSE
	EndGlobalSection
	GlobalSection(ExtensibilityGlobals) = postSolution
		SolutionGuid = {AE892ED8-1488-499D-BF01-FB964C9FD451}
	EndGlobalSection
EndGlobal
